
Microsoft Visual Studio Solution File, Format Version 11.00
# Visual Studio 2010
Project("{FAE04EC0-301F-11D3-BF4B-00C04F79EFBC}") = "GiamSat", "GiamSat\GiamSat.csproj", "{BB9F8F87-2554-48F4-A390-58A346DF5ACD}"
EndProject
Global
	GlobalSection(SolutionConfigurationPlatforms) = preSolution
		Debug|x86 = Debug|x86
		Release|x86 = Release|x86
	EndGlobalSection
	GlobalSection(ProjectConfigurationPlatforms) = postSolution
		{BB9F8F87-2554-48F4-A390-58A346DF5ACD}.Debug|x86.ActiveCfg = Debug|x86
		{BB9F8F87-2554-48F4-A390-58A346DF5ACD}.Debug|x86.Build.0 = Debug|x86
		{BB9F8F87-2554-48F4-A390-58A346DF5ACD}.Release|x86.ActiveCfg = Release|x86
		{BB9F8F87-2554-48F4-A390-58A346DF5ACD}.Release|x86.Build.0 = Release|x86
	EndGlobalSection
	GlobalSection(SolutionProperties) = preSolution
		HideSolutionNode = FALSE
	EndGlobalSection
EndGlobal
